
Microsoft Visual Studio Solution File, Format Version 12.00
# Visual Studio Version 16
VisualStudioVersion = 16.0.28729.10
MinimumVisualStudioVersion = 10.0.40219.1
Project("{9A19103F-16F7-4668-BE54-9A1E7A4F7556}") = "CanvasApp", "CanvasApp\CanvasApp.csproj", "{3FE0C761-B259-41BF-A500-884C6F3B56FA}"
EndProject
Project("{FAE04EC0-301F-11D3-BF4B-00C04F79EFBC}") = "CanvasApp.Mobile.UWP", "CanvasApp.Mobile\CanvasApp.Mobile.UWP\CanvasApp.Mobile.UWP.csproj", "{F77DE974-09D5-44B1-A3BF-D6DB0B06C8FC}"
EndProject
Project("{FAE04EC0-301F-11D3-BF4B-00C04F79EFBC}") = "CanvasApp.Mobile.Android", "CanvasApp.Mobile\CanvasApp.Mobile.Android\CanvasApp.Mobile.Android.csproj", "{566AFEF2-B785-484E-9598-0B88DB7798A5}"
EndProject
Project("{FAE04EC0-301F-11D3-BF4B-00C04F79EFBC}") = "CanvasApp.Mobile.iOS", "CanvasApp.Mobile\CanvasApp.Mobile.iOS\CanvasApp.Mobile.iOS.csproj", "{63237891-F752-47FF-AB7E-4D2138678D9D}"
EndProject
Project("{FAE04EC0-301F-11D3-BF4B-00C04F79EFBC}") = "CanvasApp.Mobile", "CanvasApp.Mobile\CanvasApp.Mobile\CanvasApp.Mobile.csproj", "{1060E514-2489-41BC-A258-B00846558B59}"
EndProject
Global
	GlobalSection(SolutionConfigurationPlatforms) = preSolution
		Debug|Any CPU = Debug|Any CPU
		Debug|ARM = Debug|ARM
		Debug|iPhone = Debug|iPhone
		Debug|iPhoneSimulator = Debug|iPhoneSimulator
		Debug|x64 = Debug|x64
		Debug|x86 = Debug|x86
		Release|Any CPU = Release|Any CPU
		Release|ARM = Release|ARM
		Release|iPhone = Release|iPhone
		Release|iPhoneSimulator = Release|iPhoneSimulator
		Release|x64 = Release|x64
		Release|x86 = Release|x86
	EndGlobalSection
	GlobalSection(ProjectConfigurationPlatforms) = postSolution
		{3FE0C761-B259-41BF-A500-884C6F3B56FA}.Debug|Any CPU.ActiveCfg = Debug|Any CPU
		{3FE0C761-B259-41BF-A500-884C6F3B56FA}.Debug|Any CPU.Build.0 = Debug|Any CPU
		{3FE0C761-B259-41BF-A500-884C6F3B56FA}.Debug|ARM.ActiveCfg = Debug|Any CPU
		{3FE0C761-B259-41BF-A500-884C6F3B56FA}.Debug|ARM.Build.0 = Debug|Any CPU
		{3FE0C761-B259-41BF-A500-884C6F3B56FA}.Debug|iPhone.ActiveCfg = Debug|Any CPU
		{3FE0C761-B259-41BF-A500-884C6F3B56FA}.Debug|iPhone.Build.0 = Debug|Any CPU
		{3FE0C761-B259-41BF-A500-884C6F3B56FA}.Debug|iPhoneSimulator.ActiveCfg = Debug|Any CPU
		{3FE0C761-B259-41BF-A500-884C6F3B56FA}.Debug|iPhoneSimulator.Build.0 = Debug|Any CPU
		{3FE0C761-B259-41BF-A500-884C6F3B56FA}.Debug|x64.ActiveCfg = Debug|Any CPU
		{3FE0C761-B259-41BF-A500-884C6F3B56FA}.Debug|x64.Build.0 = Debug|Any CPU
		{3FE0C761-B259-41BF-A500-884C6F3B56FA}.Debug|x86.ActiveCfg = Debug|Any CPU
		{3FE0C761-B259-41BF-A500-884C6F3B56FA}.Debug|x86.Build.0 = Debug|Any CPU
		{3FE0C761-B259-41BF-A500-884C6F3B56FA}.Release|Any CPU.ActiveCfg = Release|Any CPU
		{3FE0C761-B259-41BF-A500-884C6F3B56FA}.Release|Any CPU.Build.0 = Release|Any CPU
		{3FE0C761-B259-41BF-A500-884C6F3B56FA}.Release|ARM.ActiveCfg = Release|Any CPU
		{3FE0C761-B259-41BF-A500-884C6F3B56FA}.Release|ARM.Build.0 = Release|Any CPU
		{3FE0C761-B259-41BF-A500-884C6F3B56FA}.Release|iPhone.ActiveCfg = Release|Any CPU
		{3FE0C761-B259-41BF-A500-884C6F3B56FA}.Release|iPhone.Build.0 = Release|Any CPU
		{3FE0C761-B259-41BF-A500-884C6F3B56FA}.Release|iPhoneSimulator.ActiveCfg = Release|Any CPU
		{3FE0C761-B259-41BF-A500-884C6F3B56FA}.Release|iPhoneSimulator.Build.0 = Release|Any CPU
		{3FE0C761-B259-41BF-A500-884C6F3B56FA}.Release|x64.ActiveCfg = Release|Any CPU
		{3FE0C761-B259-41BF-A500-884C6F3B56FA}.Release|x64.Build.0 = Release|Any CPU
		{3FE0C761-B259-41BF-A500-884C6F3B56FA}.Release|x86.ActiveCfg = Release|Any CPU
		{3FE0C761-B259-41BF-A500-884C6F3B56FA}.Release|x86.Build.0 = Release|Any CPU
		{F77DE974-09D5-44B1-A3BF-D6DB0B06C8FC}.Debug|Any CPU.ActiveCfg = Debug|x86
		{F77DE974-09D5-44B1-A3BF-D6DB0B06C8FC}.Debug|ARM.ActiveCfg = Debug|ARM
		{F77DE974-09D5-44B1-A3BF-D6DB0B06C8FC}.Debug|ARM.Build.0 = Debug|ARM
		{F77DE974-09D5-44B1-A3BF-D6DB0B06C8FC}.Debug|ARM.Deploy.0 = Debug|ARM
		{F77DE974-09D5-44B1-A3BF-D6DB0B06C8FC}.Debug|iPhone.ActiveCfg = Debug|x86
		{F77DE974-09D5-44B1-A3BF-D6DB0B06C8FC}.Debug|iPhoneSimulator.ActiveCfg = Debug|x86
		{F77DE974-09D5-44B1-A3BF-D6DB0B06C8FC}.Debug|x64.ActiveCfg = Debug|x64
		{F77DE974-09D5-44B1-A3BF-D6DB0B06C8FC}.Debug|x64.Build.0 = Debug|x64
		{F77DE974-09D5-44B1-A3BF-D6DB0B06C8FC}.Debug|x64.Deploy.0 = Debug|x64
		{F77DE974-09D5-44B1-A3BF-D6DB0B06C8FC}.Debug|x86.ActiveCfg = Debug|x86
		{F77DE974-09D5-44B1-A3BF-D6DB0B06C8FC}.Debug|x86.Build.0 = Debug|x86
		{F77DE974-09D5-44B1-A3BF-D6DB0B06C8FC}.Debug|x86.Deploy.0 = Debug|x86
		{F77DE974-09D5-44B1-A3BF-D6DB0B06C8FC}.Release|Any CPU.ActiveCfg = Release|x86
		{F77DE974-09D5-44B1-A3BF-D6DB0B06C8FC}.Release|ARM.ActiveCfg = Release|ARM
		{F77DE974-09D5-44B1-A3BF-D6DB0B06C8FC}.Release|ARM.Build.0 = Release|ARM
		{F77DE974-09D5-44B1-A3BF-D6DB0B06C8FC}.Release|ARM.Deploy.0 = Release|ARM
		{F77DE974-09D5-44B1-A3BF-D6DB0B06C8FC}.Release|iPhone.ActiveCfg = Release|x86
		{F77DE974-09D5-44B1-A3BF-D6DB0B06C8FC}.Release|iPhoneSimulator.ActiveCfg = Release|x86
		{F77DE974-09D5-44B1-A3BF-D6DB0B06C8FC}.Release|x64.ActiveCfg = Release|x64
		{F77DE974-09D5-44B1-A3BF-D6DB0B06C8FC}.Release|x64.Build.0 = Release|x64
		{F77DE974-09D5-44B1-A3BF-D6DB0B06C8FC}.Release|x64.Deploy.0 = Release|x64
		{F77DE974-09D5-44B1-A3BF-D6DB0B06C8FC}.Release|x86.ActiveCfg = Release|x86
		{F77DE974-09D5-44B1-A3BF-D6DB0B06C8FC}.Release|x86.Build.0 = Release|x86
		{F77DE974-09D5-44B1-A3BF-D6DB0B06C8FC}.Release|x86.Deploy.0 = Release|x86
		{566AFEF2-B785-484E-9598-0B88DB7798A5}.Debug|Any CPU.ActiveCfg = Debug|Any CPU
		{566AFEF2-B785-484E-9598-0B88DB7798A5}.Debug|Any CPU.Build.0 = Debug|Any CPU
		{566AFEF2-B785-484E-9598-0B88DB7798A5}.Debug|Any CPU.Deploy.0 = Debug|Any CPU
		{566AFEF2-B785-484E-9598-0B88DB7798A5}.Debug|ARM.ActiveCfg = Debug|Any CPU
		{566AFEF2-B785-484E-9598-0B88DB7798A5}.Debug|ARM.Build.0 = Debug|Any CPU
		{566AFEF2-B785-484E-9598-0B88DB7798A5}.Debug|ARM.Deploy.0 = Debug|Any CPU
		{566AFEF2-B785-484E-9598-0B88DB7798A5}.Debug|iPhone.ActiveCfg = Debug|Any CPU
		{566AFEF2-B785-484E-9598-0B88DB7798A5}.Debug|iPhone.Build.0 = Debug|Any CPU
		{566AFEF2-B785-484E-9598-0B88DB7798A5}.Debug|iPhone.Deploy.0 = Debug|Any CPU
		{566AFEF2-B785-484E-9598-0B88DB7798A5}.Debug|iPhoneSimulator.ActiveCfg = Debug|Any CPU
		{566AFEF2-B785-484E-9598-0B88DB7798A5}.Debug|iPhoneSimulator.Build.0 = Debug|Any CPU
		{566AFEF2-B785-484E-9598-0B88DB7798A5}.Debug|iPhoneSimulator.Deploy.0 = Debug|Any CPU
		{566AFEF2-B785-484E-9598-0B88DB7798A5}.Debug|x64.ActiveCfg = Debug|Any CPU
		{566AFEF2-B785-484E-9598-0B88DB7798A5}.Debug|x64.Build.0 = Debug|Any CPU
		{566AFEF2-B785-484E-9598-0B88DB7798A5}.Debug|x64.Deploy.0 = Debug|Any CPU
		{566AFEF2-B785-484E-9598-0B88DB7798A5}.Debug|x86.ActiveCfg = Debug|Any CPU
		{566AFEF2-B785-484E-9598-0B88DB7798A5}.Debug|x86.Build.0 = Debug|Any CPU
		{566AFEF2-B785-484E-9598-0B88DB7798A5}.Debug|x86.Deploy.0 = Debug|Any CPU
		{566AFEF2-B785-484E-9598-0B88DB7798A5}.Release|Any CPU.ActiveCfg = Release|Any CPU
		{566AFEF2-B785-484E-9598-0B88DB7798A5}.Release|Any CPU.Build.0 = Release|Any CPU
		{566AFEF2-B785-484E-9598-0B88DB7798A5}.Release|Any CPU.Deploy.0 = Release|Any CPU
		{566AFEF2-B785-484E-9598-0B88DB7798A5}.Release|ARM.ActiveCfg = Release|Any CPU
		{566AFEF2-B785-484E-9598-0B88DB7798A5}.Release|ARM.Build.0 = Release|Any CPU
		{566AFEF2-B785-484E-9598-0B88DB7798A5}.Release|ARM.Deploy.0 = Release|Any CPU
		{566AFEF2-B785-484E-9598-0B88DB7798A5}.Release|iPhone.ActiveCfg = Release|Any CPU
		{566AFEF2-B785-484E-9598-0B88DB7798A5}.Release|iPhone.Build.0 = Release|Any CPU
		{566AFEF2-B785-484E-9598-0B88DB7798A5}.Release|iPhone.Deploy.0 = Release|Any CPU
		{566AFEF2-B785-484E-9598-0B88DB7798A5}.Release|iPhoneSimulator.ActiveCfg = Release|Any CPU
		{566AFEF2-B785-484E-9598-0B88DB7798A5}.Release|iPhoneSimulator.Build.0 = Release|Any CPU
		{566AFEF2-B785-484E-9598-0B88DB7798A5}.Release|iPhoneSimulator.Deploy.0 = Release|Any CPU
		{566AFEF2-B785-484E-9598-0B88DB7798A5}.Release|x64.ActiveCfg = Release|Any CPU
		{566AFEF2-B785-484E-9598-0B88DB7798A5}.Release|x64.Build.0 = Release|Any CPU
		{566AFEF2-B785-484E-9598-0B88DB7798A5}.Release|x64.Deploy.0 = Release|Any CPU
		{566AFEF2-B785-484E-9598-0B88DB7798A5}.Release|x86.ActiveCfg = Release|Any CPU
		{566AFEF2-B785-484E-9598-0B88DB7798A5}.Release|x86.Build.0 = Release|Any CPU
		{566AFEF2-B785-484E-9598-0B88DB7798A5}.Release|x86.Deploy.0 = Release|Any CPU
		{63237891-F752-47FF-AB7E-4D2138678D9D}.Debug|Any CPU.ActiveCfg = Debug|iPhone
		{63237891-F752-47FF-AB7E-4D2138678D9D}.Debug|ARM.ActiveCfg = Debug|iPhone
		{63237891-F752-47FF-AB7E-4D2138678D9D}.Debug|iPhone.ActiveCfg = Debug|iPhone
		{63237891-F752-47FF-AB7E-4D2138678D9D}.Debug|iPhone.Build.0 = Debug|iPhone
		{63237891-F752-47FF-AB7E-4D2138678D9D}.Debug|iPhoneSimulator.ActiveCfg = Debug|iPhoneSimulator
		{63237891-F752-47FF-AB7E-4D2138678D9D}.Debug|iPhoneSimulator.Build.0 = Debug|iPhoneSimulator
		{63237891-F752-47FF-AB7E-4D2138678D9D}.Debug|x64.ActiveCfg = Debug|iPhone
		{63237891-F752-47FF-AB7E-4D2138678D9D}.Debug|x86.ActiveCfg = Debug|iPhone
		{63237891-F752-47FF-AB7E-4D2138678D9D}.Release|Any CPU.ActiveCfg = Release|iPhone
		{63237891-F752-47FF-AB7E-4D2138678D9D}.Release|ARM.ActiveCfg = Release|iPhone
		{63237891-F752-47FF-AB7E-4D2138678D9D}.Release|iPhone.ActiveCfg = Release|iPhone
		{63237891-F752-47FF-AB7E-4D2138678D9D}.Release|iPhone.Build.0 = Release|iPhone
		{63237891-F752-47FF-AB7E-4D2138678D9D}.Release|iPhoneSimulator.ActiveCfg = Release|iPhoneSimulator
		{63237891-F752-47FF-AB7E-4D2138678D9D}.Release|iPhoneSimulator.Build.0 = Release|iPhoneSimulator
		{63237891-F752-47FF-AB7E-4D2138678D9D}.Release|x64.ActiveCfg = Release|iPhone
		{63237891-F752-47FF-AB7E-4D2138678D9D}.Release|x86.ActiveCfg = Release|iPhone
		{1060E514-2489-41BC-A258-B00846558B59}.Debug|Any CPU.ActiveCfg = Debug|Any CPU
		{1060E514-2489-41BC-A258-B00846558B59}.Debug|Any CPU.Build.0 = Debug|Any CPU
		{1060E514-2489-41BC-A258-B00846558B59}.Debug|ARM.ActiveCfg = Debug|Any CPU
		{1060E514-2489-41BC-A258-B00846558B59}.Debug|ARM.Build.0 = Debug|Any CPU
		{1060E514-2489-41BC-A258-B00846558B59}.Debug|iPhone.ActiveCfg = Debug|Any CPU
		{1060E514-2489-41BC-A258-B00846558B59}.Debug|iPhone.Build.0 = Debug|Any CPU
		{1060E514-2489-41BC-A258-B00846558B59}.Debug|iPhoneSimulator.ActiveCfg = Debug|Any CPU
		{1060E514-2489-41BC-A258-B00846558B59}.Debug|iPhoneSimulator.Build.0 = Debug|Any CPU
		{1060E514-2489-41BC-A258-B00846558B59}.Debug|x64.ActiveCfg = Debug|Any CPU
		{1060E514-2489-41BC-A258-B00846558B59}.Debug|x64.Build.0 = Debug|Any CPU
		{1060E514-2489-41BC-A258-B00846558B59}.Debug|x86.ActiveCfg = Debug|Any CPU
		{1060E514-2489-41BC-A258-B00846558B59}.Debug|x86.Build.0 = Debug|Any CPU
		{1060E514-2489-41BC-A258-B00846558B59}.Release|Any CPU.ActiveCfg = Release|Any CPU
		{1060E514-2489-41BC-A258-B00846558B59}.Release|Any CPU.Build.0 = Release|Any CPU
		{1060E514-2489-41BC-A258-B00846558B59}.Release|ARM.ActiveCfg = Release|Any CPU
		{1060E514-2489-41BC-A258-B00846558B59}.Release|ARM.Build.0 = Release|Any CPU
		{1060E514-2489-41BC-A258-B00846558B59}.Release|iPhone.ActiveCfg = Release|Any CPU
		{1060E514-2489-41BC-A258-B00846558B59}.Release|iPhone.Build.0 = Release|Any CPU
		{1060E514-2489-41BC-A258-B00846558B59}.Release|iPhoneSimulator.ActiveCfg = Release|Any CPU
		{1060E514-2489-41BC-A258-B00846558B59}.Release|iPhoneSimulator.Build.0 = Release|Any CPU
		{1060E514-2489-41BC-A258-B00846558B59}.Release|x64.ActiveCfg = Release|Any CPU
		{1060E514-2489-41BC-A258-B00846558B59}.Release|x64.Build.0 = Release|Any CPU
		{1060E514-2489-41BC-A258-B00846558B59}.Release|x86.ActiveCfg = Release|Any CPU
		{1060E514-2489-41BC-A258-B00846558B59}.Release|x86.Build.0 = Release|Any CPU
	EndGlobalSection
	GlobalSection(SolutionProperties) = preSolution
		HideSolutionNode = FALSE
	EndGlobalSection
	GlobalSection(ExtensibilityGlobals) = postSolution
		SolutionGuid = {D3F05121-AB58-443F-9105-B137DB44B053}
	EndGlobalSection
EndGlobal
